
Microsoft Visual Studio Solution File, Format Version 12.00
# Visual Studio Version 17
VisualStudioVersion = 17.14.37012.4
MinimumVisualStudioVersion = 10.0.40219.1
Project("{8BC9CEB8-8B4A-11D0-8D11-00A0C91BC942}") = "C_Lesson", "C_Lesson\C_Lesson.vcxproj", "{1C06A970-4686-4676-9E5C-B81F53663FEE}"
EndProject
Project("{8BC9CEB8-8B4A-11D0-8D11-00A0C91BC942}") = "C_Lesson01", "C_Lesson01\C_Lesson01.vcxproj", "{B236011C-9E03-4AB3-A4B9-A9170A4897AE}"
EndProject
Project("{8BC9CEB8-8B4A-11D0-8D11-00A0C91BC942}") = "C_Lesson02", "C_Lesson02\C_Lesson02.vcxproj", "{BB6EACA7-045E-4BE6-ADFC-0C677A6012DF}"
EndProject
Project("{8BC9CEB8-8B4A-11D0-8D11-00A0C91BC942}") = "C_Lesson03", "C_Lesson03\C_Lesson03.vcxproj", "{7FB84077-40EB-4EE4-9881-627BA7A6DB4C}"
EndProject
Project("{8BC9CEB8-8B4A-11D0-8D11-00A0C91BC942}") = "C_Lesson04", "C_Lesson04\C_Lesson04.vcxproj", "{ED8F34D1-E118-4114-81B6-3BD2FDE5D23C}"
EndProject
Project("{8BC9CEB8-8B4A-11D0-8D11-00A0C91BC942}") = "C_Lesson05", "C_Lesson05\C_Lesson05.vcxproj", "{7491B23A-86E2-4B51-B2B0-D7C1DD03A0BA}"
EndProject
Project("{8BC9CEB8-8B4A-11D0-8D11-00A0C91BC942}") = "C_Lesson06", "C_Lesson06\C_Lesson06.vcxproj", "{1BDA78CB-3ED0-4E33-83CC-4C3CFF3AED0E}"
EndProject
Project("{8BC9CEB8-8B4A-11D0-8D11-00A0C91BC942}") = "C_Lesson07", "C_Lesson07\C_Lesson07.vcxproj", "{6499AFE3-CE34-4469-9498-F5820C66F8B6}"
EndProject
Project("{8BC9CEB8-8B4A-11D0-8D11-00A0C91BC942}") = "C_Lesson08", "C_Lesson08\C_Lesson08.vcxproj", "{0DEBCC12-97FE-4689-A94C-F1DBB0099658}"
EndProject
Project("{8BC9CEB8-8B4A-11D0-8D11-00A0C91BC942}") = "C_Lesson09", "C_Lesson09\C_Lesson09.vcxproj", "{D5CFC807-D617-4735-BF31-5CD85749F100}"
EndProject
Project("{8BC9CEB8-8B4A-11D0-8D11-00A0C91BC942}") = "C_Lesson10", "C_Lesson10\C_Lesson10.vcxproj", "{ACA76D00-D9F2-4656-8231-CA58564D6C0D}"
EndProject
Project("{8BC9CEB8-8B4A-11D0-8D11-00A0C91BC942}") = "C_Lesson11", "C_Lesson11\C_Lesson11.vcxproj", "{300A0879-77AE-4B61-B754-69821C92DCA6}"
EndProject
Project("{8BC9CEB8-8B4A-11D0-8D11-00A0C91BC942}") = "C_Lesson12", "C_Lesson12\C_Lesson12.vcxproj", "{7F427832-D798-472D-93FE-504F4A573AAE}"
EndProject
Project("{8BC9CEB8-8B4A-11D0-8D11-00A0C91BC942}") = "C_Lesson13", "C_Lesson13\C_Lesson13.vcxproj", "{08C7E463-9CA1-4149-B050-B6E73CC4BE5A}"
EndProject
Project("{8BC9CEB8-8B4A-11D0-8D11-00A0C91BC942}") = "C_Lesson14", "C_Lesson14\C_Lesson14.vcxproj", "{16A0F104-E523-4C80-98CF-B115C2867461}"
EndProject
Project("{8BC9CEB8-8B4A-11D0-8D11-00A0C91BC942}") = "C_Lesson15", "C_Lesson15\C_Lesson15.vcxproj", "{9AC9570A-6A3F-462A-ABB0-3FA3AA0B14DD}"
EndProject
Project("{8BC9CEB8-8B4A-11D0-8D11-00A0C91BC942}") = "C_Lesson16", "C_Lesson16\C_Lesson16.vcxproj", "{F735DB92-A320-4ACF-81AD-5137BE13D601}"
EndProject
Project("{8BC9CEB8-8B4A-11D0-8D11-00A0C91BC942}") = "C_Lesson17", "C_Lesson17\C_Lesson17.vcxproj", "{B81A19B5-E2BE-4556-B83A-5B2854ED2C61}"
EndProject
Project("{8BC9CEB8-8B4A-11D0-8D11-00A0C91BC942}") = "C_Lesson18", "C_Lesson18\C_Lesson18.vcxproj", "{15356D82-2C6A-4513-BFDA-79238954FA65}"
EndProject
Project("{8BC9CEB8-8B4A-11D0-8D11-00A0C91BC942}") = "C_Lesson19", "C_Lesson19\C_Lesson19.vcxproj", "{3EC72361-EE1E-499B-963F-3B53DFC2CF0F}"
EndProject
Project("{8BC9CEB8-8B4A-11D0-8D11-00A0C91BC942}") = "C_Lesson20", "C_Lesson20\C_Lesson20.vcxproj", "{205B9487-BDAB-4B18-B918-6F23419E4701}"
EndProject
Project("{8BC9CEB8-8B4A-11D0-8D11-00A0C91BC942}") = "C_Lesson21", "C_Lesson21\C_Lesson21.vcxproj", "{08BE3598-282E-4BD7-BFFD-36EAA99684FB}"
EndProject
Project("{8BC9CEB8-8B4A-11D0-8D11-00A0C91BC942}") = "C_Lesson22", "C_Lesson22\C_Lesson22.vcxproj", "{8DB4E7D3-71A7-44AA-85FB-B79951BAF320}"
EndProject
Project("{8BC9CEB8-8B4A-11D0-8D11-00A0C91BC942}") = "C_Lesson23", "C_Lesson23\C_Lesson23.vcxproj", "{EC9D62C1-3BE6-4744-A32D-0555ED21A1E5}"
EndProject
Global
	GlobalSection(SolutionConfigurationPlatforms) = preSolution
		Debug|x64 = Debug|x64
		Debug|x86 = Debug|x86
		Release|x64 = Release|x64
		Release|x86 = Release|x86
	EndGlobalSection
	GlobalSection(ProjectConfigurationPlatforms) = postSolution
		{1C06A970-4686-4676-9E5C-B81F53663FEE}.Debug|x64.ActiveCfg = Debug|x64
		{1C06A970-4686-4676-9E5C-B81F53663FEE}.Debug|x64.Build.0 = Debug|x64
		{1C06A970-4686-4676-9E5C-B81F53663FEE}.Debug|x86.ActiveCfg = Debug|Win32
		{1C06A970-4686-4676-9E5C-B81F53663FEE}.Debug|x86.Build.0 = Debug|Win32
		{1C06A970-4686-4676-9E5C-B81F53663FEE}.Release|x64.ActiveCfg = Release|x64
		{1C06A970-4686-4676-9E5C-B81F53663FEE}.Release|x64.Build.0 = Release|x64
		{1C06A970-4686-4676-9E5C-B81F53663FEE}.Release|x86.ActiveCfg = Release|Win32
		{1C06A970-4686-4676-9E5C-B81F53663FEE}.Release|x86.Build.0 = Release|Win32
		{B236011C-9E03-4AB3-A4B9-A9170A4897AE}.Debug|x64.ActiveCfg = Debug|x64
		{B236011C-9E03-4AB3-A4B9-A9170A4897AE}.Debug|x64.Build.0 = Debug|x64
		{B236011C-9E03-4AB3-A4B9-A9170A4897AE}.Debug|x86.ActiveCfg = Debug|Win32
		{B236011C-9E03-4AB3-A4B9-A9170A4897AE}.Debug|x86.Build.0 = Debug|Win32
		{B236011C-9E03-4AB3-A4B9-A9170A4897AE}.Release|x64.ActiveCfg = Release|x64
		{B236011C-9E03-4AB3-A4B9-A9170A4897AE}.Release|x64.Build.0 = Release|x64
		{B236011C-9E03-4AB3-A4B9-A9170A4897AE}.Release|x86.ActiveCfg = Release|Win32
		{B236011C-9E03-4AB3-A4B9-A9170A4897AE}.Release|x86.Build.0 = Release|Win32
		{BB6EACA7-045E-4BE6-ADFC-0C677A6012DF}.Debug|x64.ActiveCfg = Debug|x64
		{BB6EACA7-045E-4BE6-ADFC-0C677A6012DF}.Debug|x64.Build.0 = Debug|x64
		{BB6EACA7-045E-4BE6-ADFC-0C677A6012DF}.Debug|x86.ActiveCfg = Debug|Win32
		{BB6EACA7-045E-4BE6-ADFC-0C677A6012DF}.Debug|x86.Build.0 = Debug|Win32
		{BB6EACA7-045E-4BE6-ADFC-0C677A6012DF}.Release|x64.ActiveCfg = Release|x64
		{BB6EACA7-045E-4BE6-ADFC-0C677A6012DF}.Release|x64.Build.0 = Release|x64
		{BB6EACA7-045E-4BE6-ADFC-0C677A6012DF}.Release|x86.ActiveCfg = Release|Win32
		{BB6EACA7-045E-4BE6-ADFC-0C677A6012DF}.Release|x86.Build.0 = Release|Win32
		{7FB84077-40EB-4EE4-9881-627BA7A6DB4C}.Debug|x64.ActiveCfg = Debug|x64
		{7FB84077-40EB-4EE4-9881-627BA7A6DB4C}.Debug|x64.Build.0 = Debug|x64
		{7FB84077-40EB-4EE4-9881-627BA7A6DB4C}.Debug|x86.ActiveCfg = Debug|Win32
		{7FB84077-40EB-4EE4-9881-627BA7A6DB4C}.Debug|x86.Build.0 = Debug|Win32
		{7FB84077-40EB-4EE4-9881-627BA7A6DB4C}.Release|x64.ActiveCfg = Release|x64
		{7FB84077-40EB-4EE4-9881-627BA7A6DB4C}.Release|x64.Build.0 = Release|x64
		{7FB84077-40EB-4EE4-9881-627BA7A6DB4C}.Release|x86.ActiveCfg = Release|Win32
		{7FB84077-40EB-4EE4-9881-627BA7A6DB4C}.Release|x86.Build.0 = Release|Win32
		{ED8F34D1-E118-4114-81B6-3BD2FDE5D23C}.Debug|x64.ActiveCfg = Debug|x64
		{ED8F34D1-E118-4114-81B6-3BD2FDE5D23C}.Debug|x64.Build.0 = Debug|x64
		{ED8F34D1-E118-4114-81B6-3BD2FDE5D23C}.Debug|x86.ActiveCfg = Debug|Win32
		{ED8F34D1-E118-4114-81B6-3BD2FDE5D23C}.Debug|x86.Build.0 = Debug|Win32
		{ED8F34D1-E118-4114-81B6-3BD2FDE5D23C}.Release|x64.ActiveCfg = Release|x64
		{ED8F34D1-E118-4114-81B6-3BD2FDE5D23C}.Release|x64.Build.0 = Release|x64
		{ED8F34D1-E118-4114-81B6-3BD2FDE5D23C}.Release|x86.ActiveCfg = Release|Win32
		{ED8F34D1-E118-4114-81B6-3BD2FDE5D23C}.Release|x86.Build.0 = Release|Win32
		{7491B23A-86E2-4B51-B2B0-D7C1DD03A0BA}.Debug|x64.ActiveCfg = Debug|x64
		{7491B23A-86E2-4B51-B2B0-D7C1DD03A0BA}.Debug|x64.Build.0 = Debug|x64
		{7491B23A-86E2-4B51-B2B0-D7C1DD03A0BA}.Debug|x86.ActiveCfg = Debug|Win32
		{7491B23A-86E2-4B51-B2B0-D7C1DD03A0BA}.Debug|x86.Build.0 = Debug|Win32
		{7491B23A-86E2-4B51-B2B0-D7C1DD03A0BA}.Release|x64.ActiveCfg = Release|x64
		{7491B23A-86E2-4B51-B2B0-D7C1DD03A0BA}.Release|x64.Build.0 = Release|x64
		{7491B23A-86E2-4B51-B2B0-D7C1DD03A0BA}.Release|x86.ActiveCfg = Release|Win32
		{7491B23A-86E2-4B51-B2B0-D7C1DD03A0BA}.Release|x86.Build.0 = Release|Win32
		{1BDA78CB-3ED0-4E33-83CC-4C3CFF3AED0E}.Debug|x64.ActiveCfg = Debug|x64
		{1BDA78CB-3ED0-4E33-83CC-4C3CFF3AED0E}.Debug|x64.Build.0 = Debug|x64
		{1BDA78CB-3ED0-4E33-83CC-4C3CFF3AED0E}.Debug|x86.ActiveCfg = Debug|Win32
		{1BDA78CB-3ED0-4E33-83CC-4C3CFF3AED0E}.Debug|x86.Build.0 = Debug|Win32
		{1BDA78CB-3ED0-4E33-83CC-4C3CFF3AED0E}.Release|x64.ActiveCfg = Release|x64
		{1BDA78CB-3ED0-4E33-83CC-4C3CFF3AED0E}.Release|x64.Build.0 = Release|x64
		{1BDA78CB-3ED0-4E33-83CC-4C3CFF3AED0E}.Release|x86.ActiveCfg = Release|Win32
		{1BDA78CB-3ED0-4E33-83CC-4C3CFF3AED0E}.Release|x86.Build.0 = Release|Win32
		{6499AFE3-CE34-4469-9498-F5820C66F8B6}.Debug|x64.ActiveCfg = Debug|x64
		{6499AFE3-CE34-4469-9498-F5820C66F8B6}.Debug|x64.Build.0 = Debug|x64
		{6499AFE3-CE34-4469-9498-F5820C66F8B6}.Debug|x86.ActiveCfg = Debug|Win32
		{6499AFE3-CE34-4469-9498-F5820C66F8B6}.Debug|x86.Build.0 = Debug|Win32
		{6499AFE3-CE34-4469-9498-F5820C66F8B6}.Release|x64.ActiveCfg = Release|x64
		{6499AFE3-CE34-4469-9498-F5820C66F8B6}.Release|x64.Build.0 = Release|x64
		{6499AFE3-CE34-4469-9498-F5820C66F8B6}.Release|x86.ActiveCfg = Release|Win32
		{6499AFE3-CE34-4469-9498-F5820C66F8B6}.Release|x86.Build.0 = Release|Win32
		{0DEBCC12-97FE-4689-A94C-F1DBB0099658}.Debug|x64.ActiveCfg = Debug|x64
		{0DEBCC12-97FE-4689-A94C-F1DBB0099658}.Debug|x64.Build.0 = Debug|x64
		{0DEBCC12-97FE-4689-A94C-F1DBB0099658}.Debug|x86.ActiveCfg = Debug|Win32
		{0DEBCC12-97FE-4689-A94C-F1DBB0099658}.Debug|x86.Build.0 = Debug|Win32
		{0DEBCC12-97FE-4689-A94C-F1DBB0099658}.Release|x64.ActiveCfg = Release|x64
		{0DEBCC12-97FE-4689-A94C-F1DBB0099658}.Release|x64.Build.0 = Release|x64
		{0DEBCC12-97FE-4689-A94C-F1DBB0099658}.Release|x86.ActiveCfg = Release|Win32
		{0DEBCC12-97FE-4689-A94C-F1DBB0099658}.Release|x86.Build.0 = Release|Win32
		{D5CFC807-D617-4735-BF31-5CD85749F100}.Debug|x64.ActiveCfg = Debug|x64
		{D5CFC807-D617-4735-BF31-5CD85749F100}.Debug|x64.Build.0 = Debug|x64
		{D5CFC807-D617-4735-BF31-5CD85749F100}.Debug|x86.ActiveCfg = Debug|Win32
		{D5CFC807-D617-4735-BF31-5CD85749F100}.Debug|x86.Build.0 = Debug|Win32
		{D5CFC807-D617-4735-BF31-5CD85749F100}.Release|x64.ActiveCfg = Release|x64
		{D5CFC807-D617-4735-BF31-5CD85749F100}.Release|x64.Build.0 = Release|x64
		{D5CFC807-D617-4735-BF31-5CD85749F100}.Release|x86.ActiveCfg = Release|Win32
		{D5CFC807-D617-4735-BF31-5CD85749F100}.Release|x86.Build.0 = Release|Win32
		{ACA76D00-D9F2-4656-8231-CA58564D6C0D}.Debug|x64.ActiveCfg = Debug|x64
		{ACA76D00-D9F2-4656-8231-CA58564D6C0D}.Debug|x64.Build.0 = Debug|x64
		{ACA76D00-D9F2-4656-8231-CA58564D6C0D}.Debug|x86.ActiveCfg = Debug|Win32
		{ACA76D00-D9F2-4656-8231-CA58564D6C0D}.Debug|x86.Build.0 = Debug|Win32
		{ACA76D00-D9F2-4656-8231-CA58564D6C0D}.Release|x64.ActiveCfg = Release|x64
		{ACA76D00-D9F2-4656-8231-CA58564D6C0D}.Release|x64.Build.0 = Release|x64
		{ACA76D00-D9F2-4656-8231-CA58564D6C0D}.Release|x86.ActiveCfg = Release|Win32
		{ACA76D00-D9F2-4656-8231-CA58564D6C0D}.Release|x86.Build.0 = Release|Win32
		{300A0879-77AE-4B61-B754-69821C92DCA6}.Debug|x64.ActiveCfg = Debug|x64
		{300A0879-77AE-4B61-B754-69821C92DCA6}.Debug|x64.Build.0 = Debug|x64
		{300A0879-77AE-4B61-B754-69821C92DCA6}.Debug|x86.ActiveCfg = Debug|Win32
		{300A0879-77AE-4B61-B754-69821C92DCA6}.Debug|x86.Build.0 = Debug|Win32
		{300A0879-77AE-4B61-B754-69821C92DCA6}.Release|x64.ActiveCfg = Release|x64
		{300A0879-77AE-4B61-B754-69821C92DCA6}.Release|x64.Build.0 = Release|x64
		{300A0879-77AE-4B61-B754-69821C92DCA6}.Release|x86.ActiveCfg = Release|Win32
		{300A0879-77AE-4B61-B754-69821C92DCA6}.Release|x86.Build.0 = Release|Win32
		{7F427832-D798-472D-93FE-504F4A573AAE}.Debug|x64.ActiveCfg = Debug|x64
		{7F427832-D798-472D-93FE-504F4A573AAE}.Debug|x64.Build.0 = Debug|x64
		{7F427832-D798-472D-93FE-504F4A573AAE}.Debug|x86.ActiveCfg = Debug|Win32
		{7F427832-D798-472D-93FE-504F4A573AAE}.Debug|x86.Build.0 = Debug|Win32
		{7F427832-D798-472D-93FE-504F4A573AAE}.Release|x64.ActiveCfg = Release|x64
		{7F427832-D798-472D-93FE-504F4A573AAE}.Release|x64.Build.0 = Release|x64
		{7F427832-D798-472D-93FE-504F4A573AAE}.Release|x86.ActiveCfg = Release|Win32
		{7F427832-D798-472D-93FE-504F4A573AAE}.Release|x86.Build.0 = Release|Win32
		{08C7E463-9CA1-4149-B050-B6E73CC4BE5A}.Debug|x64.ActiveCfg = Debug|x64
		{08C7E463-9CA1-4149-B050-B6E73CC4BE5A}.Debug|x64.Build.0 = Debug|x64
		{08C7E463-9CA1-4149-B050-B6E73CC4BE5A}.Debug|x86.ActiveCfg = Debug|Win32
		{08C7E463-9CA1-4149-B050-B6E73CC4BE5A}.Debug|x86.Build.0 = Debug|Win32
		{08C7E463-9CA1-4149-B050-B6E73CC4BE5A}.Release|x64.ActiveCfg = Release|x64
		{08C7E463-9CA1-4149-B050-B6E73CC4BE5A}.Release|x64.Build.0 = Release|x64
		{08C7E463-9CA1-4149-B050-B6E73CC4BE5A}.Release|x86.ActiveCfg = Release|Win32
		{08C7E463-9CA1-4149-B050-B6E73CC4BE5A}.Release|x86.Build.0 = Release|Win32
		{16A0F104-E523-4C80-98CF-B115C2867461}.Debug|x64.ActiveCfg = Debug|x64
		{16A0F104-E523-4C80-98CF-B115C2867461}.Debug|x64.Build.0 = Debug|x64
		{16A0F104-E523-4C80-98CF-B115C2867461}.Debug|x86.ActiveCfg = Debug|Win32
		{16A0F104-E523-4C80-98CF-B115C2867461}.Debug|x86.Build.0 = Debug|Win32
		{16A0F104-E523-4C80-98CF-B115C2867461}.Release|x64.ActiveCfg = Release|x64
		{16A0F104-E523-4C80-98CF-B115C2867461}.Release|x64.Build.0 = Release|x64
		{16A0F104-E523-4C80-98CF-B115C2867461}.Release|x86.ActiveCfg = Release|Win32
		{16A0F104-E523-4C80-98CF-B115C2867461}.Release|x86.Build.0 = Release|Win32
		{9AC9570A-6A3F-462A-ABB0-3FA3AA0B14DD}.Debug|x64.ActiveCfg = Debug|x64
		{9AC9570A-6A3F-462A-ABB0-3FA3AA0B14DD}.Debug|x64.Build.0 = Debug|x64
		{9AC9570A-6A3F-462A-ABB0-3FA3AA0B14DD}.Debug|x86.ActiveCfg = Debug|Win32
		{9AC9570A-6A3F-462A-ABB0-3FA3AA0B14DD}.Debug|x86.Build.0 = Debug|Win32
		{9AC9570A-6A3F-462A-ABB0-3FA3AA0B14DD}.Release|x64.ActiveCfg = Release|x64
		{9AC9570A-6A3F-462A-ABB0-3FA3AA0B14DD}.Release|x64.Build.0 = Release|x64
		{9AC9570A-6A3F-462A-ABB0-3FA3AA0B14DD}.Release|x86.ActiveCfg = Release|Win32
		{9AC9570A-6A3F-462A-ABB0-3FA3AA0B14DD}.Release|x86.Build.0 = Release|Win32
		{F735DB92-A320-4ACF-81AD-5137BE13D601}.Debug|x64.ActiveCfg = Debug|x64
		{F735DB92-A320-4ACF-81AD-5137BE13D601}.Debug|x64.Build.0 = Debug|x64
		{F735DB92-A320-4ACF-81AD-5137BE13D601}.Debug|x86.ActiveCfg = Debug|Win32
		{F735DB92-A320-4ACF-81AD-5137BE13D601}.Debug|x86.Build.0 = Debug|Win32
		{F735DB92-A320-4ACF-81AD-5137BE13D601}.Release|x64.ActiveCfg = Release|x64
		{F735DB92-A320-4ACF-81AD-5137BE13D601}.Release|x64.Build.0 = Release|x64
		{F735DB92-A320-4ACF-81AD-5137BE13D601}.Release|x86.ActiveCfg = Release|Win32
		{F735DB92-A320-4ACF-81AD-5137BE13D601}.Release|x86.Build.0 = Release|Win32
		{B81A19B5-E2BE-4556-B83A-5B2854ED2C61}.Debug|x64.ActiveCfg = Debug|x64
		{B81A19B5-E2BE-4556-B83A-5B2854ED2C61}.Debug|x64.Build.0 = Debug|x64
		{B81A19B5-E2BE-4556-B83A-5B2854ED2C61}.Debug|x86.ActiveCfg = Debug|Win32
		{B81A19B5-E2BE-4556-B83A-5B2854ED2C61}.Debug|x86.Build.0 = Debug|Win32
		{B81A19B5-E2BE-4556-B83A-5B2854ED2C61}.Release|x64.ActiveCfg = Release|x64
		{B81A19B5-E2BE-4556-B83A-5B2854ED2C61}.Release|x64.Build.0 = Release|x64
		{B81A19B5-E2BE-4556-B83A-5B2854ED2C61}.Release|x86.ActiveCfg = Release|Win32
		{B81A19B5-E2BE-4556-B83A-5B2854ED2C61}.Release|x86.Build.0 = Release|Win32
		{15356D82-2C6A-4513-BFDA-79238954FA65}.Debug|x64.ActiveCfg = Debug|x64
		{15356D82-2C6A-4513-BFDA-79238954FA65}.Debug|x64.Build.0 = Debug|x64
		{15356D82-2C6A-4513-BFDA-79238954FA65}.Debug|x86.ActiveCfg = Debug|Win32
		{15356D82-2C6A-4513-BFDA-79238954FA65}.Debug|x86.Build.0 = Debug|Win32
		{15356D82-2C6A-4513-BFDA-79238954FA65}.Release|x64.ActiveCfg = Release|x64
		{15356D82-2C6A-4513-BFDA-79238954FA65}.Release|x64.Build.0 = Release|x64
		{15356D82-2C6A-4513-BFDA-79238954FA65}.Release|x86.ActiveCfg = Release|Win32
		{15356D82-2C6A-4513-BFDA-79238954FA65}.Release|x86.Build.0 = Release|Win32
		{3EC72361-EE1E-499B-963F-3B53DFC2CF0F}.Debug|x64.ActiveCfg = Debug|x64
		{3EC72361-EE1E-499B-963F-3B53DFC2CF0F}.Debug|x64.Build.0 = Debug|x64
		{3EC72361-EE1E-499B-963F-3B53DFC2CF0F}.Debug|x86.ActiveCfg = Debug|Win32
		{3EC72361-EE1E-499B-963F-3B53DFC2CF0F}.Debug|x86.Build.0 = Debug|Win32
		{3EC72361-EE1E-499B-963F-3B53DFC2CF0F}.Release|x64.ActiveCfg = Release|x64
		{3EC72361-EE1E-499B-963F-3B53DFC2CF0F}.Release|x64.Build.0 = Release|x64
		{3EC72361-EE1E-499B-963F-3B53DFC2CF0F}.Release|x86.ActiveCfg = Release|Win32
		{3EC72361-EE1E-499B-963F-3B53DFC2CF0F}.Release|x86.Build.0 = Release|Win32
		{205B9487-BDAB-4B18-B918-6F23419E4701}.Debug|x64.ActiveCfg = Debug|x64
		{205B9487-BDAB-4B18-B918-6F23419E4701}.Debug|x64.Build.0 = Debug|x64
		{205B9487-BDAB-4B18-B918-6F23419E4701}.Debug|x86.ActiveCfg = Debug|Win32
		{205B9487-BDAB-4B18-B918-6F23419E4701}.Debug|x86.Build.0 = Debug|Win32
		{205B9487-BDAB-4B18-B918-6F23419E4701}.Release|x64.ActiveCfg = Release|x64
		{205B9487-BDAB-4B18-B918-6F23419E4701}.Release|x64.Build.0 = Release|x64
		{205B9487-BDAB-4B18-B918-6F23419E4701}.Release|x86.ActiveCfg = Release|Win32
		{205B9487-BDAB-4B18-B918-6F23419E4701}.Release|x86.Build.0 = Release|Win32
		{08BE3598-282E-4BD7-BFFD-36EAA99684FB}.Debug|x64.ActiveCfg = Debug|x64
		{08BE3598-282E-4BD7-BFFD-36EAA99684FB}.Debug|x64.Build.0 = Debug|x64
		{08BE3598-282E-4BD7-BFFD-36EAA99684FB}.Debug|x86.ActiveCfg = Debug|Win32
		{08BE3598-282E-4BD7-BFFD-36EAA99684FB}.Debug|x86.Build.0 = Debug|Win32
		{08BE3598-282E-4BD7-BFFD-36EAA99684FB}.Release|x64.ActiveCfg = Release|x64
		{08BE3598-282E-4BD7-BFFD-36EAA99684FB}.Release|x64.Build.0 = Release|x64
		{08BE3598-282E-4BD7-BFFD-36EAA99684FB}.Release|x86.ActiveCfg = Release|Win32
		{08BE3598-282E-4BD7-BFFD-36EAA99684FB}.Release|x86.Build.0 = Release|Win32
		{8DB4E7D3-71A7-44AA-85FB-B79951BAF320}.Debug|x64.ActiveCfg = Debug|x64
		{8DB4E7D3-71A7-44AA-85FB-B79951BAF320}.Debug|x64.Build.0 = Debug|x64
		{8DB4E7D3-71A7-44AA-85FB-B79951BAF320}.Debug|x86.ActiveCfg = Debug|Win32
		{8DB4E7D3-71A7-44AA-85FB-B79951BAF320}.Debug|x86.Build.0 = Debug|Win32
		{8DB4E7D3-71A7-44AA-85FB-B79951BAF320}.Release|x64.ActiveCfg = Release|x64
		{8DB4E7D3-71A7-44AA-85FB-B79951BAF320}.Release|x64.Build.0 = Release|x64
		{8DB4E7D3-71A7-44AA-85FB-B79951BAF320}.Release|x86.ActiveCfg = Release|Win32
		{8DB4E7D3-71A7-44AA-85FB-B79951BAF320}.Release|x86.Build.0 = Release|Win32
		{EC9D62C1-3BE6-4744-A32D-0555ED21A1E5}.Debug|x64.ActiveCfg = Debug|x64
		{EC9D62C1-3BE6-4744-A32D-0555ED21A1E5}.Debug|x64.Build.0 = Debug|x64
		{EC9D62C1-3BE6-4744-A32D-0555ED21A1E5}.Debug|x86.ActiveCfg = Debug|Win32
		{EC9D62C1-3BE6-4744-A32D-0555ED21A1E5}.Debug|x86.Build.0 = Debug|Win32
		{EC9D62C1-3BE6-4744-A32D-0555ED21A1E5}.Release|x64.ActiveCfg = Release|x64
		{EC9D62C1-3BE6-4744-A32D-0555ED21A1E5}.Release|x64.Build.0 = Release|x64
		{EC9D62C1-3BE6-4744-A32D-0555ED21A1E5}.Release|x86.ActiveCfg = Release|Win32
		{EC9D62C1-3BE6-4744-A32D-0555ED21A1E5}.Release|x86.Build.0 = Release|Win32
	EndGlobalSection
	GlobalSection(SolutionProperties) = preSolution
		HideSolutionNode = FALSE
	EndGlobalSection
	GlobalSection(ExtensibilityGlobals) = postSolution
		SolutionGuid = {782475BA-9E1C-4C91-97BB-CE0E554D1F22}
	EndGlobalSection
EndGlobal
